# THIS IS AN AUTOGENERATED FILE. DO NOT EDIT THIS FILE DIRECTLY.
# yarn lockfile v1


"@mongez/cache@^1.2.0":
  version "1.2.0"
  resolved "https://registry.yarnpkg.com/@mongez/cache/-/cache-1.2.0.tgz#c96b8d046d925c0a58d9065557a45558a7eea7b1"
  integrity sha512-JVHpJjfZYd6YYfdvsAeqp5jSbfQSOxrlOyx01GeBP8AAc9HnwQc8PQzAaZbSQKY68mrF/Oow67g5fjdHclvb9Q==
  dependencies:
    "@mongez/encryption" "^1.0.x"

"@mongez/encryption@^1.0.x":
  version "1.0.4"
  resolved "https://registry.yarnpkg.com/@mongez/encryption/-/encryption-1.0.4.tgz#91b9c78ddadf29ce5be35fa8a52f9eecbf371008"
  integrity sha512-g97rfpCUQEYVSPo0Y8WETHhmoK+6/vZ+1antlym2UQbBvIjXquaAlPB8bqnC+ry7JsCmUIpGatIp6m4S2Xa8Lg==
  dependencies:
    crypto-js "^4.0.0"

crypto-js@^4.0.0:
  version "4.1.1"
  resolved "https://registry.yarnpkg.com/crypto-js/-/crypto-js-4.1.1.tgz#9e485bcf03521041bd85844786b83fb7619736cf"
  integrity sha512-o2JlM7ydqd3Qk9CA0L4NL6mTzU2sdx96a+oOfPu8Mkl/PK51vSyoi8/rQ8NknZtk44vq15lmhAj9CIAGwgeWKw==

typescript@^4.9.4:
  version "4.9.5"
  resolved "https://registry.yarnpkg.com/typescript/-/typescript-4.9.5.tgz#095979f9bcc0d09da324d58d03ce8f8374cbe65a"
  integrity sha512-1FXk9E2Hm+QzZQ7z+McJiHL4NW1F2EzMu9Nq9i3zAaGqibafqYwCVU6WyWAuyQRRzOlxou8xZSyXLEN8oKj24g==
